// !$*UTF8*$!
{
	archiveVersion = 1;
	classes = {
	};
	objectVersion = 52;
	objects = {

/* Begin PBXBuildFile section */
		6335749F23CCFCB6008C9935 /* AppDelegate.swift in Sources */ = {isa = PBXBuildFile; fileRef = 6335749E23CCFCB6008C9935 /* AppDelegate.swift */; };
		633574A123CCFCB6008C9935 /* SceneDelegate.swift in Sources */ = {isa = PBXBuildFile; fileRef = 633574A023CCFCB6008C9935 /* SceneDelegate.swift */; };
		633574A323CCFCB6008C9935 /* ViewController.swift in Sources */ = {isa = PBXBuildFile; fileRef = 633574A223CCFCB6008C9935 /* ViewController.swift */; };
		633574A623CCFCB6008C9935 /* Main.storyboard in Resources */ = {isa = PBXBuildFile; fileRef = 633574A423CCFCB6008C9935 /* Main.storyboard */; };
		633574A823CCFCB9008C9935 /* Assets.xcassets in Resources */ = {isa = PBXBuildFile; fileRef = 633574A723CCFCB9008C9935 /* Assets.xcassets */; };
		633574AB23CCFCB9008C9935 /* LaunchScreen.storyboard in Resources */ = {isa = PBXBuildFile; fileRef = 633574A923CCFCB9008C9935 /* LaunchScreen.storyboard */; };
		633574B623CCFCB9008C9935 /* UserDefaultLabTests.swift in Sources */ = {isa = PBXBuildFile; fileRef = 633574B523CCFCB9008C9935 /* UserDefaultLabTests.swift */; };
		633574C223CCFEEE008C9935 /* ImageKit in Frameworks */ = {isa = PBXBuildFile; productRef = 633574C123CCFEEE008C9935 /* ImageKit */; };
		633574C523CD032A008C9935 /* Horoscopes.swift in Sources */ = {isa = PBXBuildFile; fileRef = 633574C423CD032A008C9935 /* Horoscopes.swift */; };
		633574C723CD060A008C9935 /* DetailedViewController.swift in Sources */ = {isa = PBXBuildFile; fileRef = 633574C623CD060A008C9935 /* DetailedViewController.swift */; };
		633574C923CD0696008C9935 /* HoroscopeCell.swift in Sources */ = {isa = PBXBuildFile; fileRef = 633574C823CD0696008C9935 /* HoroscopeCell.swift */; };
		633574CC23CD0DED008C9935 /* HoroscopeAPIClient.swift in Sources */ = {isa = PBXBuildFile; fileRef = 633574CB23CD0DED008C9935 /* HoroscopeAPIClient.swift */; };
/* End PBXBuildFile section */

/* Begin PBXContainerItemProxy section */
		633574B223CCFCB9008C9935 /* PBXContainerItemProxy */ = {
			isa = PBXContainerItemProxy;
			containerPortal = 6335749323CCFCB6008C9935 /* Project object */;
			proxyType = 1;
			remoteGlobalIDString = 6335749A23CCFCB6008C9935;
			remoteInfo = UserDefaultLab;
		};
/* End PBXContainerItemProxy section */

/* Begin PBXFileReference section */
		6335749B23CCFCB6008C9935 /* UserDefaultLab.app */ = {isa = PBXFileReference; explicitFileType = wrapper.application; includeInIndex = 0; path = UserDefaultLab.app; sourceTree = BUILT_PRODUCTS_DIR; };
		6335749E23CCFCB6008C9935 /* AppDelegate.swift */ = {isa = PBXFileReference; lastKnownFileType = sourcecode.swift; path = AppDelegate.swift; sourceTree = "<group>"; };
		633574A023CCFCB6008C9935 /* SceneDelegate.swift */ = {isa = PBXFileReference; lastKnownFileType = sourcecode.swift; path = SceneDelegate.swift; sourceTree = "<group>"; };
		633574A223CCFCB6008C9935 /* ViewController.swift */ = {isa = PBXFileReference; lastKnownFileType = sourcecode.swift; path = ViewController.swift; sourceTree = "<group>"; };
		633574A523CCFCB6008C9935 /* Base */ = {isa = PBXFileReference; lastKnownFileType = file.storyboard; name = Base; path = Base.lproj/Main.storyboard; sourceTree = "<group>"; };
		633574A723CCFCB9008C9935 /* Assets.xcassets */ = {isa = PBXFileReference; lastKnownFileType = folder.assetcatalog; path = Assets.xcassets; sourceTree = "<group>"; };
		633574AA23CCFCB9008C9935 /* Base */ = {isa = PBXFileReference; lastKnownFileType = file.storyboard; name = Base; path = Base.lproj/LaunchScreen.storyboard; sourceTree = "<group>"; };
		633574AC23CCFCB9008C9935 /* Info.plist */ = {isa = PBXFileReference; lastKnownFileType = text.plist.xml; path = Info.plist; sourceTree = "<group>"; };
		633574B123CCFCB9008C9935 /* UserDefaultLabTests.xctest */ = {isa = PBXFileReference; explicitFileType = wrapper.cfbundle; includeInIndex = 0; path = UserDefaultLabTests.xctest; sourceTree = BUILT_PRODUCTS_DIR; };
		633574B523CCFCB9008C9935 /* UserDefaultLabTests.swift */ = {isa = PBXFileReference; lastKnownFileType = sourcecode.swift; path = UserDefaultLabTests.swift; sourceTree = "<group>"; };
		633574B723CCFCB9008C9935 /* Info.plist */ = {isa = PBXFileReference; lastKnownFileType = text.plist.xml; path = Info.plist; sourceTree = "<group>"; };
		633574C423CD032A008C9935 /* Horoscopes.swift */ = {isa = PBXFileReference; lastKnownFileType = sourcecode.swift; path = Horoscopes.swift; sourceTree = "<group>"; };
		633574C623CD060A008C9935 /* DetailedViewController.swift */ = {isa = PBXFileReference; lastKnownFileType = sourcecode.swift; path = DetailedViewController.swift; sourceTree = "<group>"; };
		633574C823CD0696008C9935 /* HoroscopeCell.swift */ = {isa = PBXFileReference; lastKnownFileType = sourcecode.swift; path = HoroscopeCell.swift; sourceTree = "<group>"; };
		633574CB23CD0DED008C9935 /* HoroscopeAPIClient.swift */ = {isa = PBXFileReference; lastKnownFileType = sourcecode.swift; path = HoroscopeAPIClient.swift; sourceTree = "<group>"; };
/* End PBXFileReference section */

/* Begin PBXFrameworksBuildPhase section */
		6335749823CCFCB6008C9935 /* Frameworks */ = {
			isa = PBXFrameworksBuildPhase;
			buildActionMask = 2147483647;
			files = (
				633574C223CCFEEE008C9935 /* ImageKit in Frameworks */,
			);
			runOnlyForDeploymentPostprocessing = 0;
		};
		633574AE23CCFCB9008C9935 /* Frameworks */ = {
			isa = PBXFrameworksBuildPhase;
			buildActionMask = 2147483647;
			files = (
			);
			runOnlyForDeploymentPostprocessing = 0;
		};
/* End PBXFrameworksBuildPhase section */

/* Begin PBXGroup section */
		6335749223CCFCB6008C9935 = {
			isa = PBXGroup;
			children = (
				633574C323CD0303008C9935 /* Model */,
				633574CA23CD0D58008C9935 /* API Client */,
				6335749D23CCFCB6008C9935 /* UserDefaultLab */,
				633574B423CCFCB9008C9935 /* UserDefaultLabTests */,
				6335749C23CCFCB6008C9935 /* Products */,
			);
			sourceTree = "<group>";
		};
		6335749C23CCFCB6008C9935 /* Products */ = {
			isa = PBXGroup;
			children = (
				6335749B23CCFCB6008C9935 /* UserDefaultLab.app */,
				633574B123CCFCB9008C9935 /* UserDefaultLabTests.xctest */,
			);
			name = Products;
			sourceTree = "<group>";
		};
		6335749D23CCFCB6008C9935 /* UserDefaultLab */ = {
			isa = PBXGroup;
			children = (
				6335749E23CCFCB6008C9935 /* AppDelegate.swift */,
				633574A023CCFCB6008C9935 /* SceneDelegate.swift */,
				633574A223CCFCB6008C9935 /* ViewController.swift */,
				633574C623CD060A008C9935 /* DetailedViewController.swift */,
				633574C823CD0696008C9935 /* HoroscopeCell.swift */,
				633574A423CCFCB6008C9935 /* Main.storyboard */,
				633574A723CCFCB9008C9935 /* Assets.xcassets */,
				633574A923CCFCB9008C9935 /* LaunchScreen.storyboard */,
				633574AC23CCFCB9008C9935 /* Info.plist */,
			);
			path = UserDefaultLab;
			sourceTree = "<group>";
		};
		633574B423CCFCB9008C9935 /* UserDefaultLabTests */ = {
			isa = PBXGroup;
			children = (
				633574B523CCFCB9008C9935 /* UserDefaultLabTests.swift */,
				633574B723CCFCB9008C9935 /* Info.plist */,
			);
			path = UserDefaultLabTests;
			sourceTree = "<group>";
		};
		633574C323CD0303008C9935 /* Model */ = {
			isa = PBXGroup;
			children = (
				633574C423CD032A008C9935 /* Horoscopes.swift */,
			);
			path = Model;
			sourceTree = "<group>";
		};
		633574CA23CD0D58008C9935 /* API Client */ = {
			isa = PBXGroup;
			children = (
				633574CB23CD0DED008C9935 /* HoroscopeAPIClient.swift */,
			);
			path = "API Client";
			sourceTree = "<group>";
		};
/* End PBXGroup section */

/* Begin PBXNativeTarget section */
		6335749A23CCFCB6008C9935 /* UserDefaultLab */ = {
			isa = PBXNativeTarget;
			buildConfigurationList = 633574BA23CCFCB9008C9935 /* Build configuration list for PBXNativeTarget "UserDefaultLab" */;
			buildPhases = (
				6335749723CCFCB6008C9935 /* Sources */,
				6335749823CCFCB6008C9935 /* Frameworks */,
				6335749923CCFCB6008C9935 /* Resources */,
			);
			buildRules = (
			);
			dependencies = (
			);
			name = UserDefaultLab;
			packageProductDependencies = (
				633574C123CCFEEE008C9935 /* ImageKit */,
			);
			productName = UserDefaultLab;
			productReference = 6335749B23CCFCB6008C9935 /* UserDefaultLab.app */;
			productType = "com.apple.product-type.application";
		};
		633574B023CCFCB9008C9935 /* UserDefaultLabTests */ = {
			isa = PBXNativeTarget;
			buildConfigurationList = 633574BD23CCFCB9008C9935 /* Build configuration list for PBXNativeTarget "UserDefaultLabTests" */;
			buildPhases = (
				633574AD23CCFCB9008C9935 /* Sources */,
				633574AE23CCFCB9008C9935 /* Frameworks */,
				633574AF23CCFCB9008C9935 /* Resources */,
			);
			buildRules = (
			);
			dependencies = (
				633574B323CCFCB9008C9935 /* PBXTargetDependency */,
			);
			name = UserDefaultLabTests;
			productName = UserDefaultLabTests;
			productReference = 633574B123CCFCB9008C9935 /* UserDefaultLabTests.xctest */;
			productType = "com.apple.product-type.bundle.unit-test";
		};
/* End PBXNativeTarget section */

/* Begin PBXProject section */
		6335749323CCFCB6008C9935 /* Project object */ = {
			isa = PBXProject;
			attributes = {
				LastSwiftUpdateCheck = 1130;
				LastUpgradeCheck = 1130;
				ORGANIZATIONNAME = "David Lin (Passion Proj)";
				TargetAttributes = {
					6335749A23CCFCB6008C9935 = {
						CreatedOnToolsVersion = 11.3;
					};
					633574B023CCFCB9008C9935 = {
						CreatedOnToolsVersion = 11.3;
						TestTargetID = 6335749A23CCFCB6008C9935;
					};
				};
			};
			buildConfigurationList = 6335749623CCFCB6008C9935 /* Build configuration list for PBXProject "UserDefaultLab" */;
			compatibilityVersion = "Xcode 9.3";
			developmentRegion = en;
			hasScannedForEncodings = 0;
			knownRegions = (
				en,
				Base,
			);
			mainGroup = 6335749223CCFCB6008C9935;
			packageReferences = (
				633574C023CCFEEE008C9935 /* XCRemoteSwiftPackageReference "ImageKit" */,
			);
			productRefGroup = 6335749C23CCFCB6008C9935 /* Products */;
			projectDirPath = "";
			projectRoot = "";
			targets = (
				6335749A23CCFCB6008C9935 /* UserDefaultLab */,
				633574B023CCFCB9008C9935 /* UserDefaultLabTests */,
			);
		};
/* End PBXProject section */

/* Begin PBXResourcesBuildPhase section */
		6335749923CCFCB6008C9935 /* Resources */ = {
			isa = PBXResourcesBuildPhase;
			buildActionMask = 2147483647;
			files = (
				633574AB23CCFCB9008C9935 /* LaunchScreen.storyboard in Resources */,
				633574A823CCFCB9008C9935 /* Assets.xcassets in Resources */,
				633574A623CCFCB6008C9935 /* Main.storyboard in Resources */,
			);
			runOnlyForDeploymentPostprocessing = 0;
		};
		633574AF23CCFCB9008C9935 /* Resources */ = {
			isa = PBXResourcesBuildPhase;
			buildActionMask = 2147483647;
			files = (
			);
			runOnlyForDeploymentPostprocessing = 0;
		};
/* End PBXResourcesBuildPhase section */

/* Begin PBXSourcesBuildPhase section */
		6335749723CCFCB6008C9935 /* Sources */ = {
			isa = PBXSourcesBuildPhase;
			buildActionMask = 2147483647;
			files = (
				633574C523CD032A008C9935 /* Horoscopes.swift in Sources */,
				633574CC23CD0DED008C9935 /* HoroscopeAPIClient.swift in Sources */,
				633574A323CCFCB6008C9935 /* ViewController.swift in Sources */,
				633574C923CD0696008C9935 /* HoroscopeCell.swift in Sources */,
				633574C723CD060A008C9935 /* DetailedViewController.swift in Sources */,
				6335749F23CCFCB6008C9935 /* AppDelegate.swift in Sources */,
				633574A123CCFCB6008C9935 /* SceneDelegate.swift in Sources */,
			);
			runOnlyForDeploymentPostprocessing = 0;
		};
		633574AD23CCFCB9008C9935 /* Sources */ = {
			isa = PBXSourcesBuildPhase;
			buildActionMask = 2147483647;
			files = (
				633574B623CCFCB9008C9935 /* UserDefaultLabTests.swift in Sources */,
			);
			runOnlyForDeploymentPostprocessing = 0;
		};
/* End PBXSourcesBuildPhase section */

/* Begin PBXTargetDependency section */
		633574B323CCFCB9008C9935 /* PBXTargetDependency */ = {
			isa = PBXTargetDependency;
			target = 6335749A23CCFCB6008C9935 /* UserDefaultLab */;
			targetProxy = 633574B223CCFCB9008C9935 /* PBXContainerItemProxy */;
		};
/* End PBXTargetDependency section */

/* Begin PBXVariantGroup section */
		633574A423CCFCB6008C9935 /* Main.storyboard */ = {
			isa = PBXVariantGroup;
			children = (
				633574A523CCFCB6008C9935 /* Base */,
			);
			name = Main.storyboard;
			sourceTree = "<group>";
		};
		633574A923CCFCB9008C9935 /* LaunchScreen.storyboard */ = {
			isa = PBXVariantGroup;
			children = (
				633574AA23CCFCB9008C9935 /* Base */,
			);
			name = LaunchScreen.storyboard;
			sourceTree = "<group>";
		};
/* End PBXVariantGroup section */

/* Begin XCBuildConfiguration section */
		633574B823CCFCB9008C9935 /* Debug */ = {
			isa = XCBuildConfiguration;
			buildSettings = {
				ALWAYS_SEARCH_USER_PATHS = NO;
				CLANG_ANALYZER_NONNULL = YES;
				CLANG_ANALYZER_NUMBER_OBJECT_CONVERSION = YES_AGGRESSIVE;
				CLANG_CXX_LANGUAGE_STANDARD = "gnu++14";
				CLANG_CXX_LIBRARY = "libc++";
				CLANG_ENABLE_MODULES = YES;
				CLANG_ENABLE_OBJC_ARC = YES;
				CLANG_ENABLE_OBJC_WEAK = YES;
				CLANG_WARN_BLOCK_CAPTURE_AUTORELEASING = YES;
				CLANG_WARN_BOOL_CONVERSION = YES;
				CLANG_WARN_COMMA = YES;
				CLANG_WARN_CONSTANT_CONVERSION = YES;
				CLANG_WARN_DEPRECATED_OBJC_IMPLEMENTATIONS = YES;
				CLANG_WARN_DIRECT_OBJC_ISA_USAGE = YES_ERROR;
				CLANG_WARN_DOCUMENTATION_COMMENTS = YES;
				CLANG_WARN_EMPTY_BODY = YES;
				CLANG_WARN_ENUM_CONVERSION = YES;
				CLANG_WARN_INFINITE_RECURSION = YES;
				CLANG_WARN_INT_CONVERSION = YES;
				CLANG_WARN_NON_LITERAL_NULL_CONVERSION = YES;
				CLANG_WARN_OBJC_IMPLICIT_RETAIN_SELF = YES;
				CLANG_WARN_OBJC_LITERAL_CONVERSION = YES;
				CLANG_WARN_OBJC_ROOT_CLASS = YES_ERROR;
				CLANG_WARN_RANGE_LOOP_ANALYSIS = YES;
				CLANG_WARN_STRICT_PROTOTYPES = YES;
				CLANG_WARN_SUSPICIOUS_MOVE = YES;
				CLANG_WARN_UNGUARDED_AVAILABILITY = YES_AGGRESSIVE;
				CLANG_WARN_UNREACHABLE_CODE = YES;
				CLANG_WARN__DUPLICATE_METHOD_MATCH = YES;
				COPY_PHASE_STRIP = NO;
				DEBUG_INFORMATION_FORMAT = dwarf;
				ENABLE_STRICT_OBJC_MSGSEND = YES;
				ENABLE_TESTABILITY = YES;
				GCC_C_LANGUAGE_STANDARD = gnu11;
				GCC_DYNAMIC_NO_PIC = NO;
				GCC_NO_COMMON_BLOCKS = YES;
				GCC_OPTIMIZATION_LEVEL = 0;
				GCC_PREPROCESSOR_DEFINITIONS = (
					"DEBUG=1",
					"$(inherited)",
				);
				GCC_WARN_64_TO_32_BIT_CONVERSION = YES;
				GCC_WARN_ABOUT_RETURN_TYPE = YES_ERROR;
				GCC_WARN_UNDECLARED_SELECTOR = YES;
				GCC_WARN_UNINITIALIZED_AUTOS = YES_AGGRESSIVE;
				GCC_WARN_UNUSED_FUNCTION = YES;
				GCC_WARN_UNUSED_VARIABLE = YES;
				IPHONEOS_DEPLOYMENT_TARGET = 13.2;
				MTL_ENABLE_DEBUG_INFO = INCLUDE_SOURCE;
				MTL_FAST_MATH = YES;
				ONLY_ACTIVE_ARCH = YES;
				SDKROOT = iphoneos;
				SWIFT_ACTIVE_COMPILATION_CONDITIONS = DEBUG;
				SWIFT_OPTIMIZATION_LEVEL = "-Onone";
			};
			name = Debug;
		};
		633574B923CCFCB9008C9935 /* Release */ = {
			isa = XCBuildConfiguration;
			buildSettings = {
				ALWAYS_SEARCH_USER_PATHS = NO;
				CLANG_ANALYZER_NONNULL = YES;
				CLANG_ANALYZER_NUMBER_OBJECT_CONVERSION = YES_AGGRESSIVE;
				CLANG_CXX_LANGUAGE_STANDARD = "gnu++14";
				CLANG_CXX_LIBRARY = "libc++";
				CLANG_ENABLE_MODULES = YES;
				CLANG_ENABLE_OBJC_ARC = YES;
				CLANG_ENABLE_OBJC_WEAK = YES;
				CLANG_WARN_BLOCK_CAPTURE_AUTORELEASING = YES;
				CLANG_WARN_BOOL_CONVERSION = YES;
				CLANG_WARN_COMMA = YES;
				CLANG_WARN_CONSTANT_CONVERSION = YES;
				CLANG_WARN_DEPRECATED_OBJC_IMPLEMENTATIONS = YES;
				CLANG_WARN_DIRECT_OBJC_ISA_USAGE = YES_ERROR;
				CLANG_WARN_DOCUMENTATION_COMMENTS = YES;
				CLANG_WARN_EMPTY_BODY = YES;
				CLANG_WARN_ENUM_CONVERSION = YES;
				CLANG_WARN_INFINITE_RECURSION = YES;
				CLANG_WARN_INT_CONVERSION = YES;
				CLANG_WARN_NON_LITERAL_NULL_CONVERSION = YES;
				CLANG_WARN_OBJC_IMPLICIT_RETAIN_SELF = YES;
				CLANG_WARN_OBJC_LITERAL_CONVERSION = YES;
				CLANG_WARN_OBJC_ROOT_CLASS = YES_ERROR;
				CLANG_WARN_RANGE_LOOP_ANALYSIS = YES;
				CLANG_WARN_STRICT_PROTOTYPES = YES;
				CLANG_WARN_SUSPICIOUS_MOVE = YES;
				CLANG_WARN_UNGUARDED_AVAILABILITY = YES_AGGRESSIVE;
				CLANG_WARN_UNREACHABLE_CODE = YES;
				CLANG_WARN__DUPLICATE_METHOD_MATCH = YES;
				COPY_PHASE_STRIP = NO;
				DEBUG_INFORMATION_FORMAT = "dwarf-with-dsym";
				ENABLE_NS_ASSERTIONS = NO;
				ENABLE_STRICT_OBJC_MSGSEND = YES;
				GCC_C_LANGUAGE_STANDARD = gnu11;
				GCC_NO_COMMON_BLOCKS = YES;
				GCC_WARN_64_TO_32_BIT_CONVERSION = YES;
				GCC_WARN_ABOUT_RETURN_TYPE = YES_ERROR;
				GCC_WARN_UNDECLARED_SELECTOR = YES;
				GCC_WARN_UNINITIALIZED_AUTOS = YES_AGGRESSIVE;
				GCC_WARN_UNUSED_FUNCTION = YES;
				GCC_WARN_UNUSED_VARIABLE = YES;
				IPHONEOS_DEPLOYMENT_TARGET = 13.2;
				MTL_ENABLE_DEBUG_INFO = NO;
				MTL_FAST_MATH = YES;
				SDKROOT = iphoneos;
				SWIFT_COMPILATION_MODE = wholemodule;
				SWIFT_OPTIMIZATION_LEVEL = "-O";
				VALIDATE_PRODUCT = YES;
			};
			name = Release;
		};
		633574BB23CCFCB9008C9935 /* Debug */ = {
			isa = XCBuildConfiguration;
			buildSettings = {
				ASSETCATALOG_COMPILER_APPICON_NAME = AppIcon;
				CODE_SIGN_STYLE = Automatic;
				DEVELOPMENT_TEAM = KJJ3AHRK2K;
				INFOPLIST_FILE = UserDefaultLab/Info.plist;
				LD_RUNPATH_SEARCH_PATHS = (
					"$(inherited)",
					"@executable_path/Frameworks",
				);
				PRODUCT_BUNDLE_IDENTIFIER = com.example.UserDefaultLab;
				PRODUCT_NAME = "$(TARGET_NAME)";
				SWIFT_VERSION = 5.0;
				TARGETED_DEVICE_FAMILY = "1,2";
			};
			name = Debug;
		};
		633574BC23CCFCB9008C9935 /* Release */ = {
			isa = XCBuildConfiguration;
			buildSettings = {
				ASSETCATALOG_COMPILER_APPICON_NAME = AppIcon;
				CODE_SIGN_STYLE = Automatic;
				DEVELOPMENT_TEAM = KJJ3AHRK2K;
				INFOPLIST_FILE = UserDefaultLab/Info.plist;
				LD_RUNPATH_SEARCH_PATHS = (
					"$(inherited)",
					"@executable_path/Frameworks",
				);
				PRODUCT_BUNDLE_IDENTIFIER = com.example.UserDefaultLab;
				PRODUCT_NAME = "$(TARGET_NAME)";
				SWIFT_VERSION = 5.0;
				TARGETED_DEVICE_FAMILY = "1,2";
			};
			name = Release;
		};
		633574BE23CCFCB9008C9935 /* Debug */ = {
			isa = XCBuildConfiguration;
			buildSettings = {
				ALWAYS_EMBED_SWIFT_STANDARD_LIBRARIES = YES;
				BUNDLE_LOADER = "$(TEST_HOST)";
				CODE_SIGN_STYLE = Automatic;
				DEVELOPMENT_TEAM = KJJ3AHRK2K;
				INFOPLIST_FILE = UserDefaultLabTests/Info.plist;
				IPHONEOS_DEPLOYMENT_TARGET = 13.2;
				LD_RUNPATH_SEARCH_PATHS = (
					"$(inherited)",
					"@executable_path/Frameworks",
					"@loader_path/Frameworks",
				);
				PRODUCT_BUNDLE_IDENTIFIER = com.example.UserDefaultLabTests;
				PRODUCT_NAME = "$(TARGET_NAME)";
				SWIFT_VERSION = 5.0;
				TARGETED_DEVICE_FAMILY = "1,2";
				TEST_HOST = "$(BUILT_PRODUCTS_DIR)/UserDefaultLab.app/UserDefaultLab";
			};
			name = Debug;
		};
		633574BF23CCFCB9008C9935 /* Release */ = {
			isa = XCBuildConfiguration;
			buildSettings = {
				ALWAYS_EMBED_SWIFT_STANDARD_LIBRARIES = YES;
				BUNDLE_LOADER = "$(TEST_HOST)";
				CODE_SIGN_STYLE = Automatic;
				DEVELOPMENT_TEAM = KJJ3AHRK2K;
				INFOPLIST_FILE = UserDefaultLabTests/Info.plist;
				IPHONEOS_DEPLOYMENT_TARGET = 13.2;
				LD_RUNPATH_SEARCH_PATHS = (
					"$(inherited)",
					"@executable_path/Frameworks",
					"@loader_path/Frameworks",
				);
				PRODUCT_BUNDLE_IDENTIFIER = com.example.UserDefaultLabTests;
				PRODUCT_NAME = "$(TARGET_NAME)";
				SWIFT_VERSION = 5.0;
				TARGETED_DEVICE_FAMILY = "1,2";
				TEST_HOST = "$(BUILT_PRODUCTS_DIR)/UserDefaultLab.app/UserDefaultLab";
			};
			name = Release;
		};
/* End XCBuildConfiguration section */

/* Begin XCConfigurationList section */
		6335749623CCFCB6008C9935 /* Build configuration list for PBXProject "UserDefaultLab" */ = {
			isa = XCConfigurationList;
			buildConfigurations = (
				633574B823CCFCB9008C9935 /* Debug */,
				633574B923CCFCB9008C9935 /* Release */,
			);
			defaultConfigurationIsVisible = 0;
			defaultConfigurationName = Release;
		};
		633574BA23CCFCB9008C9935 /* Build configuration list for PBXNativeTarget "UserDefaultLab" */ = {
			isa = XCConfigurationList;
			buildConfigurations = (
				633574BB23CCFCB9008C9935 /* Debug */,
				633574BC23CCFCB9008C9935 /* Release */,
			);
			defaultConfigurationIsVisible = 0;
			defaultConfigurationName = Release;
		};
		633574BD23CCFCB9008C9935 /* Build configuration list for PBXNativeTarget "UserDefaultLabTests" */ = {
			isa = XCConfigurationList;
			buildConfigurations = (
				633574BE23CCFCB9008C9935 /* Debug */,
				633574BF23CCFCB9008C9935 /* Release */,
			);
			defaultConfigurationIsVisible = 0;
			defaultConfigurationName = Release;
		};
/* End XCConfigurationList section */

/* Begin XCRemoteSwiftPackageReference section */
		633574C023CCFEEE008C9935 /* XCRemoteSwiftPackageReference "ImageKit" */ = {
			isa = XCRemoteSwiftPackageReference;
			repositoryURL = "https://github.com/alexpaul/ImageKit";
			requirement = {
				kind = upToNextMajorVersion;
				minimumVersion = 1.0.2;
			};
		};
/* End XCRemoteSwiftPackageReference section */

/* Begin XCSwiftPackageProductDependency section */
		633574C123CCFEEE008C9935 /* ImageKit */ = {
			isa = XCSwiftPackageProductDependency;
			package = 633574C023CCFEEE008C9935 /* XCRemoteSwiftPackageReference "ImageKit" */;
			productName = ImageKit;
		};
/* End XCSwiftPackageProductDependency section */
	};
	rootObject = 6335749323CCFCB6008C9935 /* Project object */;
}
